// !$*UTF8*$!
{
	archiveVersion = 1;
	classes = {
	};
	objectVersion = 46;
	objects = {

/* Begin PBXBuildFile section */
		8B1C9F331B98984700C421BF /* KabobinBadFood.mp3 in Resources */ = {isa = PBXBuildFile; fileRef = 8B1C9F321B98984700C421BF /* KabobinBadFood.mp3 */; };
		8B1C9F351B989BC500C421BF /* GameKit.framework in Frameworks */ = {isa = PBXBuildFile; fileRef = 8B1C9F341B989BC500C421BF /* GameKit.framework */; };
		8B6F19FC1B84D63000D2CF79 /* GameStartScene.swift in Sources */ = {isa = PBXBuildFile; fileRef = 8B6F19FB1B84D63000D2CF79 /* GameStartScene.swift */; };
		8B6F19FE1B8510D600D2CF79 /* GameOverScene.swift in Sources */ = {isa = PBXBuildFile; fileRef = 8B6F19FD1B8510D600D2CF79 /* GameOverScene.swift */; };
		8BCB04561B974B2600133217 /* kabobinContact.mp3 in Resources */ = {isa = PBXBuildFile; fileRef = 8BCB04511B974B2600133217 /* kabobinContact.mp3 */; };
		8BCB04571B974B2600133217 /* kabobinFill.mp3 in Resources */ = {isa = PBXBuildFile; fileRef = 8BCB04521B974B2600133217 /* kabobinFill.mp3 */; };
		8BCB04581B974B2600133217 /* kabobinGameOn.mp3 in Resources */ = {isa = PBXBuildFile; fileRef = 8BCB04531B974B2600133217 /* kabobinGameOn.mp3 */; };
		8BCB04591B974B2600133217 /* kabobinLoseGame.mp3 in Resources */ = {isa = PBXBuildFile; fileRef = 8BCB04541B974B2600133217 /* kabobinLoseGame.mp3 */; };
		8BCB045A1B974B2600133217 /* kabobinTheme.mp3 in Resources */ = {isa = PBXBuildFile; fileRef = 8BCB04551B974B2600133217 /* kabobinTheme.mp3 */; };
		8BD3AE131B83890F00EF1382 /* AppDelegate.swift in Sources */ = {isa = PBXBuildFile; fileRef = 8BD3AE121B83890F00EF1382 /* AppDelegate.swift */; };
		8BD3AE151B83890F00EF1382 /* GameScene.sks in Resources */ = {isa = PBXBuildFile; fileRef = 8BD3AE141B83890F00EF1382 /* GameScene.sks */; };
		8BD3AE171B83890F00EF1382 /* GameScene.swift in Sources */ = {isa = PBXBuildFile; fileRef = 8BD3AE161B83890F00EF1382 /* GameScene.swift */; };
		8BD3AE191B83890F00EF1382 /* GameViewController.swift in Sources */ = {isa = PBXBuildFile; fileRef = 8BD3AE181B83890F00EF1382 /* GameViewController.swift */; };
		8BD3AE1C1B83890F00EF1382 /* Main.storyboard in Resources */ = {isa = PBXBuildFile; fileRef = 8BD3AE1A1B83890F00EF1382 /* Main.storyboard */; };
		8BD3AE1E1B83890F00EF1382 /* Images.xcassets in Resources */ = {isa = PBXBuildFile; fileRef = 8BD3AE1D1B83890F00EF1382 /* Images.xcassets */; };
		8BD3AE211B83890F00EF1382 /* LaunchScreen.xib in Resources */ = {isa = PBXBuildFile; fileRef = 8BD3AE1F1B83890F00EF1382 /* LaunchScreen.xib */; };
/* End PBXBuildFile section */

/* Begin PBXFileReference section */
		8B1C9F321B98984700C421BF /* KabobinBadFood.mp3 */ = {isa = PBXFileReference; lastKnownFileType = audio.mp3; path = KabobinBadFood.mp3; sourceTree = "<group>"; };
		8B1C9F341B989BC500C421BF /* GameKit.framework */ = {isa = PBXFileReference; lastKnownFileType = wrapper.framework; name = GameKit.framework; path = System/Library/Frameworks/GameKit.framework; sourceTree = SDKROOT; };
		8B6F19FB1B84D63000D2CF79 /* GameStartScene.swift */ = {isa = PBXFileReference; fileEncoding = 4; lastKnownFileType = sourcecode.swift; path = GameStartScene.swift; sourceTree = "<group>"; };
		8B6F19FD1B8510D600D2CF79 /* GameOverScene.swift */ = {isa = PBXFileReference; fileEncoding = 4; lastKnownFileType = sourcecode.swift; path = GameOverScene.swift; sourceTree = "<group>"; };
		8BCB04511B974B2600133217 /* kabobinContact.mp3 */ = {isa = PBXFileReference; lastKnownFileType = audio.mp3; path = kabobinContact.mp3; sourceTree = "<group>"; };
		8BCB04521B974B2600133217 /* kabobinFill.mp3 */ = {isa = PBXFileReference; lastKnownFileType = audio.mp3; path = kabobinFill.mp3; sourceTree = "<group>"; };
		8BCB04531B974B2600133217 /* kabobinGameOn.mp3 */ = {isa = PBXFileReference; lastKnownFileType = audio.mp3; path = kabobinGameOn.mp3; sourceTree = "<group>"; };
		8BCB04541B974B2600133217 /* kabobinLoseGame.mp3 */ = {isa = PBXFileReference; lastKnownFileType = audio.mp3; path = kabobinLoseGame.mp3; sourceTree = "<group>"; };
		8BCB04551B974B2600133217 /* kabobinTheme.mp3 */ = {isa = PBXFileReference; lastKnownFileType = audio.mp3; path = kabobinTheme.mp3; sourceTree = "<group>"; };
		8BD3AE0D1B83890F00EF1382 /* Kabobin.app */ = {isa = PBXFileReference; explicitFileType = wrapper.application; includeInIndex = 0; path = Kabobin.app; sourceTree = BUILT_PRODUCTS_DIR; };
		8BD3AE111B83890F00EF1382 /* Info.plist */ = {isa = PBXFileReference; lastKnownFileType = text.plist.xml; path = Info.plist; sourceTree = "<group>"; };
		8BD3AE121B83890F00EF1382 /* AppDelegate.swift */ = {isa = PBXFileReference; lastKnownFileType = sourcecode.swift; path = AppDelegate.swift; sourceTree = "<group>"; };
		8BD3AE141B83890F00EF1382 /* GameScene.sks */ = {isa = PBXFileReference; lastKnownFileType = file.sks; path = GameScene.sks; sourceTree = "<group>"; };
		8BD3AE161B83890F00EF1382 /* GameScene.swift */ = {isa = PBXFileReference; lastKnownFileType = sourcecode.swift; path = GameScene.swift; sourceTree = "<group>"; };
		8BD3AE181B83890F00EF1382 /* GameViewController.swift */ = {isa = PBXFileReference; lastKnownFileType = sourcecode.swift; path = GameViewController.swift; sourceTree = "<group>"; };
		8BD3AE1B1B83890F00EF1382 /* Base */ = {isa = PBXFileReference; lastKnownFileType = file.storyboard; name = Base; path = Base.lproj/Main.storyboard; sourceTree = "<group>"; };
		8BD3AE1D1B83890F00EF1382 /* Images.xcassets */ = {isa = PBXFileReference; lastKnownFileType = folder.assetcatalog; path = Images.xcassets; sourceTree = "<group>"; };
		8BD3AE201B83890F00EF1382 /* Base */ = {isa = PBXFileReference; lastKnownFileType = file.xib; name = Base; path = Base.lproj/LaunchScreen.xib; sourceTree = "<group>"; };
/* End PBXFileReference section */

/* Begin PBXFrameworksBuildPhase section */
		8BD3AE0A1B83890F00EF1382 /* Frameworks */ = {
			isa = PBXFrameworksBuildPhase;
			buildActionMask = 2147483647;
			files = (
				8B1C9F351B989BC500C421BF /* GameKit.framework in Frameworks */,
			);
			runOnlyForDeploymentPostprocessing = 0;
		};
/* End PBXFrameworksBuildPhase section */

/* Begin PBXGroup section */
		8BCB045C1B974B3F00133217 /* Sounds */ = {
			isa = PBXGroup;
			children = (
				8BCB04511B974B2600133217 /* kabobinContact.mp3 */,
				8B1C9F321B98984700C421BF /* KabobinBadFood.mp3 */,
				8BCB04521B974B2600133217 /* kabobinFill.mp3 */,
				8BCB04531B974B2600133217 /* kabobinGameOn.mp3 */,
				8BCB04541B974B2600133217 /* kabobinLoseGame.mp3 */,
				8BCB04551B974B2600133217 /* kabobinTheme.mp3 */,
			);
			name = Sounds;
			sourceTree = "<group>";
		};
		8BD3AE041B83890F00EF1382 = {
			isa = PBXGroup;
			children = (
				8B1C9F341B989BC500C421BF /* GameKit.framework */,
				8BD3AE0F1B83890F00EF1382 /* Kabobin */,
				8BD3AE0E1B83890F00EF1382 /* Products */,
			);
			sourceTree = "<group>";
		};
		8BD3AE0E1B83890F00EF1382 /* Products */ = {
			isa = PBXGroup;
			children = (
				8BD3AE0D1B83890F00EF1382 /* Kabobin.app */,
			);
			name = Products;
			sourceTree = "<group>";
		};
		8BD3AE0F1B83890F00EF1382 /* Kabobin */ = {
			isa = PBXGroup;
			children = (
				8BD3AE121B83890F00EF1382 /* AppDelegate.swift */,
				8BD3AE141B83890F00EF1382 /* GameScene.sks */,
				8BD3AE161B83890F00EF1382 /* GameScene.swift */,
				8BD3AE181B83890F00EF1382 /* GameViewController.swift */,
				8B6F19FB1B84D63000D2CF79 /* GameStartScene.swift */,
				8B6F19FD1B8510D600D2CF79 /* GameOverScene.swift */,
				8BCB045C1B974B3F00133217 /* Sounds */,
				8BD3AE1A1B83890F00EF1382 /* Main.storyboard */,
				8BD3AE1D1B83890F00EF1382 /* Images.xcassets */,
				8BD3AE1F1B83890F00EF1382 /* LaunchScreen.xib */,
				8BD3AE101B83890F00EF1382 /* Supporting Files */,
			);
			path = Kabobin;
			sourceTree = "<group>";
		};
		8BD3AE101B83890F00EF1382 /* Supporting Files */ = {
			isa = PBXGroup;
			children = (
				8BD3AE111B83890F00EF1382 /* Info.plist */,
			);
			name = "Supporting Files";
			sourceTree = "<group>";
		};
/* End PBXGroup section */

/* Begin PBXNativeTarget section */
		8BD3AE0C1B83890F00EF1382 /* Kabobin */ = {
			isa = PBXNativeTarget;
			buildConfigurationList = 8BD3AE301B83890F00EF1382 /* Build configuration list for PBXNativeTarget "Kabobin" */;
			buildPhases = (
				8BD3AE091B83890F00EF1382 /* Sources */,
				8BD3AE0A1B83890F00EF1382 /* Frameworks */,
				8BD3AE0B1B83890F00EF1382 /* Resources */,
			);
			buildRules = (
			);
			dependencies = (
			);
			name = Kabobin;
			productName = Kabobin;
			productReference = 8BD3AE0D1B83890F00EF1382 /* Kabobin.app */;
			productType = "com.apple.product-type.application";
		};
/* End PBXNativeTarget section */

/* Begin PBXProject section */
		8BD3AE051B83890F00EF1382 /* Project object */ = {
			isa = PBXProject;
			attributes = {
				LastSwiftMigration = 0700;
				LastSwiftUpdateCheck = 0700;
				LastUpgradeCheck = 0700;
				ORGANIZATIONNAME = "The Iron Yard";
				TargetAttributes = {
					8BD3AE0C1B83890F00EF1382 = {
						CreatedOnToolsVersion = 6.4;
						DevelopmentTeam = 4K4XR5MYEM;
						SystemCapabilities = {
							com.apple.GameCenter = {
								enabled = 1;
							};
						};
					};
				};
			};
			buildConfigurationList = 8BD3AE081B83890F00EF1382 /* Build configuration list for PBXProject "Kabobin" */;
			compatibilityVersion = "Xcode 3.2";
			developmentRegion = English;
			hasScannedForEncodings = 0;
			knownRegions = (
				en,
				Base,
			);
			mainGroup = 8BD3AE041B83890F00EF1382;
			productRefGroup = 8BD3AE0E1B83890F00EF1382 /* Products */;
			projectDirPath = "";
			projectRoot = "";
			targets = (
				8BD3AE0C1B83890F00EF1382 /* Kabobin */,
			);
		};
/* End PBXProject section */

/* Begin PBXResourcesBuildPhase section */
		8BD3AE0B1B83890F00EF1382 /* Resources */ = {
			isa = PBXResourcesBuildPhase;
			buildActionMask = 2147483647;
			files = (
				8BCB04561B974B2600133217 /* kabobinContact.mp3 in Resources */,
				8BD3AE211B83890F00EF1382 /* LaunchScreen.xib in Resources */,
				8BCB045A1B974B2600133217 /* kabobinTheme.mp3 in Resources */,
				8B1C9F331B98984700C421BF /* KabobinBadFood.mp3 in Resources */,
				8BD3AE1E1B83890F00EF1382 /* Images.xcassets in Resources */,
				8BD3AE151B83890F00EF1382 /* GameScene.sks in Resources */,
				8BCB04591B974B2600133217 /* kabobinLoseGame.mp3 in Resources */,
				8BCB04571B974B2600133217 /* kabobinFill.mp3 in Resources */,
				8BD3AE1C1B83890F00EF1382 /* Main.storyboard in Resources */,
				8BCB04581B974B2600133217 /* kabobinGameOn.mp3 in Resources */,
			);
			runOnlyForDeploymentPostprocessing = 0;
		};
/* End PBXResourcesBuildPhase section */

/* Begin PBXSourcesBuildPhase section */
		8BD3AE091B83890F00EF1382 /* Sources */ = {
			isa = PBXSourcesBuildPhase;
			buildActionMask = 2147483647;
			files = (
				8B6F19FC1B84D63000D2CF79 /* GameStartScene.swift in Sources */,
				8BD3AE171B83890F00EF1382 /* GameScene.swift in Sources */,
				8BD3AE191B83890F00EF1382 /* GameViewController.swift in Sources */,
				8B6F19FE1B8510D600D2CF79 /* GameOverScene.swift in Sources */,
				8BD3AE131B83890F00EF1382 /* AppDelegate.swift in Sources */,
			);
			runOnlyForDeploymentPostprocessing = 0;
		};
/* End PBXSourcesBuildPhase section */

/* Begin PBXVariantGroup section */
		8BD3AE1A1B83890F00EF1382 /* Main.storyboard */ = {
			isa = PBXVariantGroup;
			children = (
				8BD3AE1B1B83890F00EF1382 /* Base */,
			);
			name = Main.storyboard;
			sourceTree = "<group>";
		};
		8BD3AE1F1B83890F00EF1382 /* LaunchScreen.xib */ = {
			isa = PBXVariantGroup;
			children = (
				8BD3AE201B83890F00EF1382 /* Base */,
			);
			name = LaunchScreen.xib;
			sourceTree = "<group>";
		};
/* End PBXVariantGroup section */

/* Begin XCBuildConfiguration section */
		8BD3AE2E1B83890F00EF1382 /* Debug */ = {
			isa = XCBuildConfiguration;
			buildSettings = {
				ALWAYS_SEARCH_USER_PATHS = NO;
				CLANG_CXX_LANGUAGE_STANDARD = "gnu++0x";
				CLANG_CXX_LIBRARY = "libc++";
				CLANG_ENABLE_MODULES = YES;
				CLANG_ENABLE_OBJC_ARC = YES;
				CLANG_WARN_BOOL_CONVERSION = YES;
				CLANG_WARN_CONSTANT_CONVERSION = YES;
				CLANG_WARN_DIRECT_OBJC_ISA_USAGE = YES_ERROR;
				CLANG_WARN_EMPTY_BODY = YES;
				CLANG_WARN_ENUM_CONVERSION = YES;
				CLANG_WARN_INT_CONVERSION = YES;
				CLANG_WARN_OBJC_ROOT_CLASS = YES_ERROR;
				CLANG_WARN_UNREACHABLE_CODE = YES;
				CLANG_WARN__DUPLICATE_METHOD_MATCH = YES;
				"CODE_SIGN_IDENTITY[sdk=iphoneos*]" = "iPhone Developer";
				COPY_PHASE_STRIP = NO;
				DEBUG_INFORMATION_FORMAT = "dwarf-with-dsym";
				ENABLE_STRICT_OBJC_MSGSEND = YES;
				ENABLE_TESTABILITY = YES;
				GCC_C_LANGUAGE_STANDARD = gnu99;
				GCC_DYNAMIC_NO_PIC = NO;
				GCC_NO_COMMON_BLOCKS = YES;
				GCC_OPTIMIZATION_LEVEL = 0;
				GCC_PREPROCESSOR_DEFINITIONS = (
					"DEBUG=1",
					"$(inherited)",
				);
				GCC_SYMBOLS_PRIVATE_EXTERN = NO;
				GCC_WARN_64_TO_32_BIT_CONVERSION = YES;
				GCC_WARN_ABOUT_RETURN_TYPE = YES_ERROR;
				GCC_WARN_UNDECLARED_SELECTOR = YES;
				GCC_WARN_UNINITIALIZED_AUTOS = YES_AGGRESSIVE;
				GCC_WARN_UNUSED_FUNCTION = YES;
				GCC_WARN_UNUSED_VARIABLE = YES;
				IPHONEOS_DEPLOYMENT_TARGET = 9.0;
				MTL_ENABLE_DEBUG_INFO = YES;
				ONLY_ACTIVE_ARCH = YES;
				SDKROOT = iphoneos;
				SWIFT_OPTIMIZATION_LEVEL = "-Onone";
			};
			name = Debug;
		};
		8BD3AE2F1B83890F00EF1382 /* Release */ = {
			isa = XCBuildConfiguration;
			buildSettings = {
				ALWAYS_SEARCH_USER_PATHS = NO;
				CLANG_CXX_LANGUAGE_STANDARD = "gnu++0x";
				CLANG_CXX_LIBRARY = "libc++";
				CLANG_ENABLE_MODULES = YES;
				CLANG_ENABLE_OBJC_ARC = YES;
				CLANG_WARN_BOOL_CONVERSION = YES;
				CLANG_WARN_CONSTANT_CONVERSION = YES;
				CLANG_WARN_DIRECT_OBJC_ISA_USAGE = YES_ERROR;
				CLANG_WARN_EMPTY_BODY = YES;
				CLANG_WARN_ENUM_CONVERSION = YES;
				CLANG_WARN_INT_CONVERSION = YES;
				CLANG_WARN_OBJC_ROOT_CLASS = YES_ERROR;
				CLANG_WARN_UNREACHABLE_CODE = YES;
				CLANG_WARN__DUPLICATE_METHOD_MATCH = YES;
				"CODE_SIGN_IDENTITY[sdk=iphoneos*]" = "iPhone Developer";
				COPY_PHASE_STRIP = NO;
				DEBUG_INFORMATION_FORMAT = "dwarf-with-dsym";
				ENABLE_NS_ASSERTIONS = NO;
				ENABLE_STRICT_OBJC_MSGSEND = YES;
				GCC_C_LANGUAGE_STANDARD = gnu99;
				GCC_NO_COMMON_BLOCKS = YES;
				GCC_WARN_64_TO_32_BIT_CONVERSION = YES;
				GCC_WARN_ABOUT_RETURN_TYPE = YES_ERROR;
				GCC_WARN_UNDECLARED_SELECTOR = YES;
				GCC_WARN_UNINITIALIZED_AUTOS = YES_AGGRESSIVE;
				GCC_WARN_UNUSED_FUNCTION = YES;
				GCC_WARN_UNUSED_VARIABLE = YES;
				IPHONEOS_DEPLOYMENT_TARGET = 9.0;
				MTL_ENABLE_DEBUG_INFO = NO;
				SDKROOT = iphoneos;
				VALIDATE_PRODUCT = YES;
			};
			name = Release;
		};
		8BD3AE311B83890F00EF1382 /* Debug */ = {
			isa = XCBuildConfiguration;
			buildSettings = {
				ASSETCATALOG_COMPILER_APPICON_NAME = AppIcon;
				CODE_SIGN_IDENTITY = "iPhone Developer";
				"CODE_SIGN_IDENTITY[sdk=iphoneos*]" = "iPhone Developer";
				INFOPLIST_FILE = Kabobin/Info.plist;
				LD_RUNPATH_SEARCH_PATHS = "$(inherited) @executable_path/Frameworks";
				PRODUCT_BUNDLE_IDENTIFIER = "com.tiy.$(PRODUCT_NAME:rfc1034identifier)";
				PRODUCT_NAME = "$(TARGET_NAME)";
				PROVISIONING_PROFILE = "";
			};
			name = Debug;
		};
		8BD3AE321B83890F00EF1382 /* Release */ = {
			isa = XCBuildConfiguration;
			buildSettings = {
				ASSETCATALOG_COMPILER_APPICON_NAME = AppIcon;
				CODE_SIGN_IDENTITY = "iPhone Developer";
				"CODE_SIGN_IDENTITY[sdk=iphoneos*]" = "iPhone Developer";
				INFOPLIST_FILE = Kabobin/Info.plist;
				LD_RUNPATH_SEARCH_PATHS = "$(inherited) @executable_path/Frameworks";
				PRODUCT_BUNDLE_IDENTIFIER = "com.tiy.$(PRODUCT_NAME:rfc1034identifier)";
				PRODUCT_NAME = "$(TARGET_NAME)";
				PROVISIONING_PROFILE = "";
			};
			name = Release;
		};
/* End XCBuildConfiguration section */

/* Begin XCConfigurationList section */
		8BD3AE081B83890F00EF1382 /* Build configuration list for PBXProject "Kabobin" */ = {
			isa = XCConfigurationList;
			buildConfigurations = (
				8BD3AE2E1B83890F00EF1382 /* Debug */,
				8BD3AE2F1B83890F00EF1382 /* Release */,
			);
			defaultConfigurationIsVisible = 0;
			defaultConfigurationName = Release;
		};
		8BD3AE301B83890F00EF1382 /* Build configuration list for PBXNativeTarget "Kabobin" */ = {
			isa = XCConfigurationList;
			buildConfigurations = (
				8BD3AE311B83890F00EF1382 /* Debug */,
				8BD3AE321B83890F00EF1382 /* Release */,
			);
			defaultConfigurationIsVisible = 0;
			defaultConfigurationName = Release;
		};
/* End XCConfigurationList section */
	};
	rootObject = 8BD3AE051B83890F00EF1382 /* Project object */;
}
